
Microsoft Visual Studio Solution File, Format Version 12.00
# Visual Studio Version 18
VisualStudioVersion = 18.9.12120.119
MinimumVisualStudioVersion = 10.0.40219.1
Project("{2150E333-8FDC-42A3-9474-1A3956D46DE8}") = "src", "src", "{827E0CD3-B72D-47B6-A68D-7590B98EB39B}"
EndProject
Project("{2150E333-8FDC-42A3-9474-1A3956D46DE8}") = "tests", "tests", "{0AB3BF05-4346-4AA6-1389-037BE0695223}"
EndProject
Project("{2150E333-8FDC-42A3-9474-1A3956D46DE8}") = "Modules", "Modules", "{EC447DCF-ABFA-6E24-52A5-D7FD48A5C558}"
EndProject
Project("{2150E333-8FDC-42A3-9474-1A3956D46DE8}") = "Enrollment", "Enrollment", "{A6E39B80-E404-C5E7-DFA7-D2B3DF797414}"
EndProject
Project("{2150E333-8FDC-42A3-9474-1A3956D46DE8}") = "Application", "Application", "{9BAE7FC7-8897-03E5-4057-1E18E870ECEF}"
EndProject
Project("{FAE04EC0-301F-11D3-BF4B-00C04F79EFBC}") = "LearningManagementSystem.Modules.Enrollment.Application", "src\Modules\Enrollment\Application\LearningManagementSystem.Modules.Enrollment.Application.csproj", "{3329D293-5323-4782-91FC-2634CB7799E5}"
EndProject
Project("{FAE04EC0-301F-11D3-BF4B-00C04F79EFBC}") = "LearningManagementSystem.Modules.Enrollment.Domain", "src\Modules\Enrollment\Domain\LearningManagementSystem.Modules.Enrollment.Domain.csproj", "{73FB5C0A-6C43-4482-981E-E903947D9997}"
EndProject
Project("{FAE04EC0-301F-11D3-BF4B-00C04F79EFBC}") = "LearningManagementSystem.Modules.Enrollment.Infrastructure", "src\Modules\Enrollment\Infrastructure\LearningManagementSystem.Modules.Enrollment.Infrastructure.csproj", "{7319B0EE-08FF-4402-A2D6-7439590205F1}"
EndProject
Project("{2150E333-8FDC-42A3-9474-1A3956D46DE8}") = "Modules", "Modules", "{D7DC9B74-6BC4-2470-2038-1E57C2DCB73B}"
EndProject
Project("{2150E333-8FDC-42A3-9474-1A3956D46DE8}") = "Enrollment", "Enrollment", "{C5C14DC9-DDD8-9684-518B-35ECA67F86AC}"
EndProject
Project("{2150E333-8FDC-42A3-9474-1A3956D46DE8}") = "Domain.Tests", "Domain.Tests", "{C6FC1BCB-BB98-4FEE-0783-4E17A9835E5B}"
EndProject
Project("{FAE04EC0-301F-11D3-BF4B-00C04F79EFBC}") = "LearningManagementSystem.Modules.Enrollment.Domain.Tests", "tests\Modules\Enrollment\Domain.Tests\LearningManagementSystem.Modules.Enrollment.Domain.Tests.csproj", "{1BBBF9D9-1E30-4D80-8224-3CC488112256}"
EndProject
Project("{2150E333-8FDC-42A3-9474-1A3956D46DE8}") = "CourseOffering", "CourseOffering", "{845B8759-55E9-F033-3D52-D9F142962594}"
EndProject
Project("{2150E333-8FDC-42A3-9474-1A3956D46DE8}") = "Domain", "Domain", "{FE2885A1-2EC5-560E-2D4A-ADC5E1C4DCFA}"
EndProject
Project("{FAE04EC0-301F-11D3-BF4B-00C04F79EFBC}") = "LearningManagementSystem.Modules.CourseOffering.Domain", "src\Modules\CourseOffering\Domain\LearningManagementSystem.Modules.CourseOffering.Domain.csproj", "{339479A5-D912-4656-9EFA-3C63B6FF55C5}"
EndProject
Project("{2150E333-8FDC-42A3-9474-1A3956D46DE8}") = "Application", "Application", "{AFC24E4D-A8C8-E0F6-37B1-2CF00CEFF6A9}"
EndProject
Project("{FAE04EC0-301F-11D3-BF4B-00C04F79EFBC}") = "LearningManagementSystem.Modules.CourseOffering.Application", "src\Modules\CourseOffering\Application\LearningManagementSystem.Modules.CourseOffering.Application.csproj", "{5565EB2C-22F8-4690-B9A8-4CD00D479D6A}"
EndProject
Project("{2150E333-8FDC-42A3-9474-1A3956D46DE8}") = "Infrastructure", "Infrastructure", "{DDED622D-E1F4-8C41-5670-03FBAF7509E3}"
EndProject
Project("{FAE04EC0-301F-11D3-BF4B-00C04F79EFBC}") = "LearningManagementSystem.Modules.CourseOffering.Infrastructure", "src\Modules\CourseOffering\Infrastructure\LearningManagementSystem.Modules.CourseOffering.Infrastructure.csproj", "{F71537B0-D8A5-4802-A86B-A982FC16D12F}"
EndProject
Project("{2150E333-8FDC-42A3-9474-1A3956D46DE8}") = "Payment", "Payment", "{486050DE-C6A4-B1E8-2B12-E91E5BE99E3F}"
EndProject
Project("{2150E333-8FDC-42A3-9474-1A3956D46DE8}") = "Domain", "Domain", "{0483F668-C073-C1F4-BE6E-FDEBE354F274}"
EndProject
Project("{FAE04EC0-301F-11D3-BF4B-00C04F79EFBC}") = "LearningManagementSystem.Modules.Payment.Domain", "src\Modules\Payment\Domain\LearningManagementSystem.Modules.Payment.Domain.csproj", "{E8EE17E7-E363-4333-91EC-1B7CC3F460B0}"
EndProject
Project("{2150E333-8FDC-42A3-9474-1A3956D46DE8}") = "Application", "Application", "{8DEC5963-CE2B-A7C9-BB65-BB3D8C6A7275}"
EndProject
Project("{FAE04EC0-301F-11D3-BF4B-00C04F79EFBC}") = "LearningManagementSystem.Modules.Payment.Application", "src\Modules\Payment\Application\LearningManagementSystem.Modules.Payment.Application.csproj", "{AC3A9406-ADDA-479D-B70D-539368CFFAE5}"
EndProject
Project("{2150E333-8FDC-42A3-9474-1A3956D46DE8}") = "Infrastructure", "Infrastructure", "{916D2499-3562-0327-EA3C-426E025D72E1}"
EndProject
Project("{FAE04EC0-301F-11D3-BF4B-00C04F79EFBC}") = "LearningManagementSystem.Modules.Payment.Infrastructure", "src\Modules\Payment\Infrastructure\LearningManagementSystem.Modules.Payment.Infrastructure.csproj", "{A1D882A3-FDE6-4463-AAD1-BFE8C7B4E3E8}"
EndProject
Project("{2150E333-8FDC-42A3-9474-1A3956D46DE8}") = "Student", "Student", "{B724D874-63BE-D1FA-FAE8-8AA3B09C9230}"
EndProject
Project("{2150E333-8FDC-42A3-9474-1A3956D46DE8}") = "Domain", "Domain", "{F3AB9688-219E-F2FA-8C0D-35122067D707}"
EndProject
Project("{FAE04EC0-301F-11D3-BF4B-00C04F79EFBC}") = "LearningManagementSystem.Modules.Student.Domain", "src\Modules\Student\Domain\LearningManagementSystem.Modules.Student.Domain.csproj", "{947D0AEA-BBFE-4884-AEC7-3599C6AE6848}"
EndProject
Project("{2150E333-8FDC-42A3-9474-1A3956D46DE8}") = "Application", "Application", "{8B3FD057-19D9-FC6D-A210-D3BCA5C7182D}"
EndProject
Project("{FAE04EC0-301F-11D3-BF4B-00C04F79EFBC}") = "LearningManagementSystem.Modules.Student.Application", "src\Modules\Student\Application\LearningManagementSystem.Modules.Student.Application.csproj", "{FB28E910-3C19-4EAD-B79D-F92C75F281D6}"
EndProject
Project("{2150E333-8FDC-42A3-9474-1A3956D46DE8}") = "Infrastructure", "Infrastructure", "{BDCD18E6-FA05-54A5-3202-37807690B956}"
EndProject
Project("{FAE04EC0-301F-11D3-BF4B-00C04F79EFBC}") = "LearningManagementSystem.Modules.Student.Infrastructure", "src\Modules\Student\Infrastructure\LearningManagementSystem.Modules.Student.Infrastructure.csproj", "{EFEECCAC-5B56-400A-AD11-13216B91D71E}"
EndProject
Project("{2150E333-8FDC-42A3-9474-1A3956D46DE8}") = "Architecture.Tests", "Architecture.Tests", "{E5AB533E-94D6-5DC6-D574-DB58F629B249}"
EndProject
Project("{FAE04EC0-301F-11D3-BF4B-00C04F79EFBC}") = "LearningManagementSystem.Architecture.Tests", "tests\Architecture.Tests\LearningManagementSystem.Architecture.Tests.csproj", "{0AA6E18D-5D46-4DC2-A743-A8FE79F93D3A}"
EndProject
Project("{2150E333-8FDC-42A3-9474-1A3956D46DE8}") = "AppHost", "AppHost", "{63882A7C-90E5-DEE3-63BB-E6ABDBC8A365}"
EndProject
Project("{FAE04EC0-301F-11D3-BF4B-00C04F79EFBC}") = "LearningManagementSystem.AppHost", "src\AppHost\LearningManagementSystem.AppHost.csproj", "{B4CCBAD0-A48F-42EE-B742-29FBCE0E2285}"
EndProject
Project("{2150E333-8FDC-42A3-9474-1A3956D46DE8}") = "ServiceDefaults", "ServiceDefaults", "{5FC1494C-0D8C-79D1-FFF2-37E95F57AB9F}"
EndProject
Project("{FAE04EC0-301F-11D3-BF4B-00C04F79EFBC}") = "LearningManagementSystem.ServiceDefaults", "src\ServiceDefaults\LearningManagementSystem.ServiceDefaults.csproj", "{3EE67994-D706-482E-91FD-DD797893E982}"
EndProject
Project("{FAE04EC0-301F-11D3-BF4B-00C04F79EFBC}") = "Api", "src\Api\Api.csproj", "{2E9E5BC2-C4FB-488B-A8AF-EC4B40F3E70F}"
EndProject
Project("{2150E333-8FDC-42A3-9474-1A3956D46DE8}") = "SharedKernel", "SharedKernel", "{85F909CB-8F14-ECC8-BA9D-713D1771907F}"
EndProject
Project("{FAE04EC0-301F-11D3-BF4B-00C04F79EFBC}") = "LearningManagementSystem.SharedKernel", "src\SharedKernel\LearningManagementSystem.SharedKernel.csproj", "{5181B342-42B3-469B-AFB7-B971E3290593}"
EndProject
Project("{FAE04EC0-301F-11D3-BF4B-00C04F79EFBC}") = "LearningManagementSystem.Api", "src\Api\LearningManagementSystem.Api.csproj", "{5848E4CD-52A8-4A65-9C34-97BC00F270FD}"
EndProject
Project("{2150E333-8FDC-42A3-9474-1A3956D46DE8}") = "Contracts", "Contracts", "{C5ECF40E-0280-8731-B569-310802F5D05C}"
EndProject
Project("{FAE04EC0-301F-11D3-BF4B-00C04F79EFBC}") = "LearningManagementSystem.Modules.Student.Contracts", "src\Modules\Student\Contracts\LearningManagementSystem.Modules.Student.Contracts.csproj", "{8C398CA6-F1FD-4B48-9DC1-D8E3319AEC5D}"
EndProject
Project("{2150E333-8FDC-42A3-9474-1A3956D46DE8}") = "Contracts", "Contracts", "{2E53BA25-60CF-2528-0133-60398EF0BA09}"
EndProject
Project("{FAE04EC0-301F-11D3-BF4B-00C04F79EFBC}") = "LearningManagementSystem.Modules.CourseOffering.Contracts", "src\Modules\CourseOffering\Contracts\LearningManagementSystem.Modules.CourseOffering.Contracts.csproj", "{5390DA2C-CCDC-49AF-ABA9-945728B301B9}"
EndProject
Global
	GlobalSection(SolutionConfigurationPlatforms) = preSolution
		Debug|Any CPU = Debug|Any CPU
		Debug|x64 = Debug|x64
		Debug|x86 = Debug|x86
		Release|Any CPU = Release|Any CPU
		Release|x64 = Release|x64
		Release|x86 = Release|x86
	EndGlobalSection
	GlobalSection(ProjectConfigurationPlatforms) = postSolution
		{3329D293-5323-4782-91FC-2634CB7799E5}.Debug|Any CPU.ActiveCfg = Debug|Any CPU
		{3329D293-5323-4782-91FC-2634CB7799E5}.Debug|Any CPU.Build.0 = Debug|Any CPU
		{3329D293-5323-4782-91FC-2634CB7799E5}.Debug|x64.ActiveCfg = Debug|Any CPU
		{3329D293-5323-4782-91FC-2634CB7799E5}.Debug|x64.Build.0 = Debug|Any CPU
		{3329D293-5323-4782-91FC-2634CB7799E5}.Debug|x86.ActiveCfg = Debug|Any CPU
		{3329D293-5323-4782-91FC-2634CB7799E5}.Debug|x86.Build.0 = Debug|Any CPU
		{3329D293-5323-4782-91FC-2634CB7799E5}.Release|Any CPU.ActiveCfg = Release|Any CPU
		{3329D293-5323-4782-91FC-2634CB7799E5}.Release|Any CPU.Build.0 = Release|Any CPU
		{3329D293-5323-4782-91FC-2634CB7799E5}.Release|x64.ActiveCfg = Release|Any CPU
		{3329D293-5323-4782-91FC-2634CB7799E5}.Release|x64.Build.0 = Release|Any CPU
		{3329D293-5323-4782-91FC-2634CB7799E5}.Release|x86.ActiveCfg = Release|Any CPU
		{3329D293-5323-4782-91FC-2634CB7799E5}.Release|x86.Build.0 = Release|Any CPU
		{73FB5C0A-6C43-4482-981E-E903947D9997}.Debug|Any CPU.ActiveCfg = Debug|Any CPU
		{73FB5C0A-6C43-4482-981E-E903947D9997}.Debug|Any CPU.Build.0 = Debug|Any CPU
		{73FB5C0A-6C43-4482-981E-E903947D9997}.Debug|x64.ActiveCfg = Debug|Any CPU
		{73FB5C0A-6C43-4482-981E-E903947D9997}.Debug|x64.Build.0 = Debug|Any CPU
		{73FB5C0A-6C43-4482-981E-E903947D9997}.Debug|x86.ActiveCfg = Debug|Any CPU
		{73FB5C0A-6C43-4482-981E-E903947D9997}.Debug|x86.Build.0 = Debug|Any CPU
		{73FB5C0A-6C43-4482-981E-E903947D9997}.Release|Any CPU.ActiveCfg = Release|Any CPU
		{73FB5C0A-6C43-4482-981E-E903947D9997}.Release|Any CPU.Build.0 = Release|Any CPU
		{73FB5C0A-6C43-4482-981E-E903947D9997}.Release|x64.ActiveCfg = Release|Any CPU
		{73FB5C0A-6C43-4482-981E-E903947D9997}.Release|x64.Build.0 = Release|Any CPU
		{73FB5C0A-6C43-4482-981E-E903947D9997}.Release|x86.ActiveCfg = Release|Any CPU
		{73FB5C0A-6C43-4482-981E-E903947D9997}.Release|x86.Build.0 = Release|Any CPU
		{7319B0EE-08FF-4402-A2D6-7439590205F1}.Debug|Any CPU.ActiveCfg = Debug|Any CPU
		{7319B0EE-08FF-4402-A2D6-7439590205F1}.Debug|Any CPU.Build.0 = Debug|Any CPU
		{7319B0EE-08FF-4402-A2D6-7439590205F1}.Debug|x64.ActiveCfg = Debug|Any CPU
		{7319B0EE-08FF-4402-A2D6-7439590205F1}.Debug|x64.Build.0 = Debug|Any CPU
		{7319B0EE-08FF-4402-A2D6-7439590205F1}.Debug|x86.ActiveCfg = Debug|Any CPU
		{7319B0EE-08FF-4402-A2D6-7439590205F1}.Debug|x86.Build.0 = Debug|Any CPU
		{7319B0EE-08FF-4402-A2D6-7439590205F1}.Release|Any CPU.ActiveCfg = Release|Any CPU
		{7319B0EE-08FF-4402-A2D6-7439590205F1}.Release|Any CPU.Build.0 = Release|Any CPU
		{7319B0EE-08FF-4402-A2D6-7439590205F1}.Release|x64.ActiveCfg = Release|Any CPU
		{7319B0EE-08FF-4402-A2D6-7439590205F1}.Release|x64.Build.0 = Release|Any CPU
		{7319B0EE-08FF-4402-A2D6-7439590205F1}.Release|x86.ActiveCfg = Release|Any CPU
		{7319B0EE-08FF-4402-A2D6-7439590205F1}.Release|x86.Build.0 = Release|Any CPU
		{1BBBF9D9-1E30-4D80-8224-3CC488112256}.Debug|Any CPU.ActiveCfg = Debug|Any CPU
		{1BBBF9D9-1E30-4D80-8224-3CC488112256}.Debug|Any CPU.Build.0 = Debug|Any CPU
		{1BBBF9D9-1E30-4D80-8224-3CC488112256}.Debug|x64.ActiveCfg = Debug|Any CPU
		{1BBBF9D9-1E30-4D80-8224-3CC488112256}.Debug|x64.Build.0 = Debug|Any CPU
		{1BBBF9D9-1E30-4D80-8224-3CC488112256}.Debug|x86.ActiveCfg = Debug|Any CPU
		{1BBBF9D9-1E30-4D80-8224-3CC488112256}.Debug|x86.Build.0 = Debug|Any CPU
		{1BBBF9D9-1E30-4D80-8224-3CC488112256}.Release|Any CPU.ActiveCfg = Release|Any CPU
		{1BBBF9D9-1E30-4D80-8224-3CC488112256}.Release|Any CPU.Build.0 = Release|Any CPU
		{1BBBF9D9-1E30-4D80-8224-3CC488112256}.Release|x64.ActiveCfg = Release|Any CPU
		{1BBBF9D9-1E30-4D80-8224-3CC488112256}.Release|x64.Build.0 = Release|Any CPU
		{1BBBF9D9-1E30-4D80-8224-3CC488112256}.Release|x86.ActiveCfg = Release|Any CPU
		{1BBBF9D9-1E30-4D80-8224-3CC488112256}.Release|x86.Build.0 = Release|Any CPU
		{339479A5-D912-4656-9EFA-3C63B6FF55C5}.Debug|Any CPU.ActiveCfg = Debug|Any CPU
		{339479A5-D912-4656-9EFA-3C63B6FF55C5}.Debug|Any CPU.Build.0 = Debug|Any CPU
		{339479A5-D912-4656-9EFA-3C63B6FF55C5}.Debug|x64.ActiveCfg = Debug|Any CPU
		{339479A5-D912-4656-9EFA-3C63B6FF55C5}.Debug|x64.Build.0 = Debug|Any CPU
		{339479A5-D912-4656-9EFA-3C63B6FF55C5}.Debug|x86.ActiveCfg = Debug|Any CPU
		{339479A5-D912-4656-9EFA-3C63B6FF55C5}.Debug|x86.Build.0 = Debug|Any CPU
		{339479A5-D912-4656-9EFA-3C63B6FF55C5}.Release|Any CPU.ActiveCfg = Release|Any CPU
		{339479A5-D912-4656-9EFA-3C63B6FF55C5}.Release|Any CPU.Build.0 = Release|Any CPU
		{339479A5-D912-4656-9EFA-3C63B6FF55C5}.Release|x64.ActiveCfg = Release|Any CPU
		{339479A5-D912-4656-9EFA-3C63B6FF55C5}.Release|x64.Build.0 = Release|Any CPU
		{339479A5-D912-4656-9EFA-3C63B6FF55C5}.Release|x86.ActiveCfg = Release|Any CPU
		{339479A5-D912-4656-9EFA-3C63B6FF55C5}.Release|x86.Build.0 = Release|Any CPU
		{5565EB2C-22F8-4690-B9A8-4CD00D479D6A}.Debug|Any CPU.ActiveCfg = Debug|Any CPU
		{5565EB2C-22F8-4690-B9A8-4CD00D479D6A}.Debug|Any CPU.Build.0 = Debug|Any CPU
		{5565EB2C-22F8-4690-B9A8-4CD00D479D6A}.Debug|x64.ActiveCfg = Debug|Any CPU
		{5565EB2C-22F8-4690-B9A8-4CD00D479D6A}.Debug|x64.Build.0 = Debug|Any CPU
		{5565EB2C-22F8-4690-B9A8-4CD00D479D6A}.Debug|x86.ActiveCfg = Debug|Any CPU
		{5565EB2C-22F8-4690-B9A8-4CD00D479D6A}.Debug|x86.Build.0 = Debug|Any CPU
		{5565EB2C-22F8-4690-B9A8-4CD00D479D6A}.Release|Any CPU.ActiveCfg = Release|Any CPU
		{5565EB2C-22F8-4690-B9A8-4CD00D479D6A}.Release|Any CPU.Build.0 = Release|Any CPU
		{5565EB2C-22F8-4690-B9A8-4CD00D479D6A}.Release|x64.ActiveCfg = Release|Any CPU
		{5565EB2C-22F8-4690-B9A8-4CD00D479D6A}.Release|x64.Build.0 = Release|Any CPU
		{5565EB2C-22F8-4690-B9A8-4CD00D479D6A}.Release|x86.ActiveCfg = Release|Any CPU
		{5565EB2C-22F8-4690-B9A8-4CD00D479D6A}.Release|x86.Build.0 = Release|Any CPU
		{F71537B0-D8A5-4802-A86B-A982FC16D12F}.Debug|Any CPU.ActiveCfg = Debug|Any CPU
		{F71537B0-D8A5-4802-A86B-A982FC16D12F}.Debug|Any CPU.Build.0 = Debug|Any CPU
		{F71537B0-D8A5-4802-A86B-A982FC16D12F}.Debug|x64.ActiveCfg = Debug|Any CPU
		{F71537B0-D8A5-4802-A86B-A982FC16D12F}.Debug|x64.Build.0 = Debug|Any CPU
		{F71537B0-D8A5-4802-A86B-A982FC16D12F}.Debug|x86.ActiveCfg = Debug|Any CPU
		{F71537B0-D8A5-4802-A86B-A982FC16D12F}.Debug|x86.Build.0 = Debug|Any CPU
		{F71537B0-D8A5-4802-A86B-A982FC16D12F}.Release|Any CPU.ActiveCfg = Release|Any CPU
		{F71537B0-D8A5-4802-A86B-A982FC16D12F}.Release|Any CPU.Build.0 = Release|Any CPU
		{F71537B0-D8A5-4802-A86B-A982FC16D12F}.Release|x64.ActiveCfg = Release|Any CPU
		{F71537B0-D8A5-4802-A86B-A982FC16D12F}.Release|x64.Build.0 = Release|Any CPU
		{F71537B0-D8A5-4802-A86B-A982FC16D12F}.Release|x86.ActiveCfg = Release|Any CPU
		{F71537B0-D8A5-4802-A86B-A982FC16D12F}.Release|x86.Build.0 = Release|Any CPU
		{E8EE17E7-E363-4333-91EC-1B7CC3F460B0}.Debug|Any CPU.ActiveCfg = Debug|Any CPU
		{E8EE17E7-E363-4333-91EC-1B7CC3F460B0}.Debug|Any CPU.Build.0 = Debug|Any CPU
		{E8EE17E7-E363-4333-91EC-1B7CC3F460B0}.Debug|x64.ActiveCfg = Debug|Any CPU
		{E8EE17E7-E363-4333-91EC-1B7CC3F460B0}.Debug|x64.Build.0 = Debug|Any CPU
		{E8EE17E7-E363-4333-91EC-1B7CC3F460B0}.Debug|x86.ActiveCfg = Debug|Any CPU
		{E8EE17E7-E363-4333-91EC-1B7CC3F460B0}.Debug|x86.Build.0 = Debug|Any CPU
		{E8EE17E7-E363-4333-91EC-1B7CC3F460B0}.Release|Any CPU.ActiveCfg = Release|Any CPU
		{E8EE17E7-E363-4333-91EC-1B7CC3F460B0}.Release|Any CPU.Build.0 = Release|Any CPU
		{E8EE17E7-E363-4333-91EC-1B7CC3F460B0}.Release|x64.ActiveCfg = Release|Any CPU
		{E8EE17E7-E363-4333-91EC-1B7CC3F460B0}.Release|x64.Build.0 = Release|Any CPU
		{E8EE17E7-E363-4333-91EC-1B7CC3F460B0}.Release|x86.ActiveCfg = Release|Any CPU
		{E8EE17E7-E363-4333-91EC-1B7CC3F460B0}.Release|x86.Build.0 = Release|Any CPU
		{AC3A9406-ADDA-479D-B70D-539368CFFAE5}.Debug|Any CPU.ActiveCfg = Debug|Any CPU
		{AC3A9406-ADDA-479D-B70D-539368CFFAE5}.Debug|Any CPU.Build.0 = Debug|Any CPU
		{AC3A9406-ADDA-479D-B70D-539368CFFAE5}.Debug|x64.ActiveCfg = Debug|Any CPU
		{AC3A9406-ADDA-479D-B70D-539368CFFAE5}.Debug|x64.Build.0 = Debug|Any CPU
		{AC3A9406-ADDA-479D-B70D-539368CFFAE5}.Debug|x86.ActiveCfg = Debug|Any CPU
		{AC3A9406-ADDA-479D-B70D-539368CFFAE5}.Debug|x86.Build.0 = Debug|Any CPU
		{AC3A9406-ADDA-479D-B70D-539368CFFAE5}.Release|Any CPU.ActiveCfg = Release|Any CPU
		{AC3A9406-ADDA-479D-B70D-539368CFFAE5}.Release|Any CPU.Build.0 = Release|Any CPU
		{AC3A9406-ADDA-479D-B70D-539368CFFAE5}.Release|x64.ActiveCfg = Release|Any CPU
		{AC3A9406-ADDA-479D-B70D-539368CFFAE5}.Release|x64.Build.0 = Release|Any CPU
		{AC3A9406-ADDA-479D-B70D-539368CFFAE5}.Release|x86.ActiveCfg = Release|Any CPU
		{AC3A9406-ADDA-479D-B70D-539368CFFAE5}.Release|x86.Build.0 = Release|Any CPU
		{A1D882A3-FDE6-4463-AAD1-BFE8C7B4E3E8}.Debug|Any CPU.ActiveCfg = Debug|Any CPU
		{A1D882A3-FDE6-4463-AAD1-BFE8C7B4E3E8}.Debug|Any CPU.Build.0 = Debug|Any CPU
		{A1D882A3-FDE6-4463-AAD1-BFE8C7B4E3E8}.Debug|x64.ActiveCfg = Debug|Any CPU
		{A1D882A3-FDE6-4463-AAD1-BFE8C7B4E3E8}.Debug|x64.Build.0 = Debug|Any CPU
		{A1D882A3-FDE6-4463-AAD1-BFE8C7B4E3E8}.Debug|x86.ActiveCfg = Debug|Any CPU
		{A1D882A3-FDE6-4463-AAD1-BFE8C7B4E3E8}.Debug|x86.Build.0 = Debug|Any CPU
		{A1D882A3-FDE6-4463-AAD1-BFE8C7B4E3E8}.Release|Any CPU.ActiveCfg = Release|Any CPU
		{A1D882A3-FDE6-4463-AAD1-BFE8C7B4E3E8}.Release|Any CPU.Build.0 = Release|Any CPU
		{A1D882A3-FDE6-4463-AAD1-BFE8C7B4E3E8}.Release|x64.ActiveCfg = Release|Any CPU
		{A1D882A3-FDE6-4463-AAD1-BFE8C7B4E3E8}.Release|x64.Build.0 = Release|Any CPU
		{A1D882A3-FDE6-4463-AAD1-BFE8C7B4E3E8}.Release|x86.ActiveCfg = Release|Any CPU
		{A1D882A3-FDE6-4463-AAD1-BFE8C7B4E3E8}.Release|x86.Build.0 = Release|Any CPU
		{947D0AEA-BBFE-4884-AEC7-3599C6AE6848}.Debug|Any CPU.ActiveCfg = Debug|Any CPU
		{947D0AEA-BBFE-4884-AEC7-3599C6AE6848}.Debug|Any CPU.Build.0 = Debug|Any CPU
		{947D0AEA-BBFE-4884-AEC7-3599C6AE6848}.Debug|x64.ActiveCfg = Debug|Any CPU
		{947D0AEA-BBFE-4884-AEC7-3599C6AE6848}.Debug|x64.Build.0 = Debug|Any CPU
		{947D0AEA-BBFE-4884-AEC7-3599C6AE6848}.Debug|x86.ActiveCfg = Debug|Any CPU
		{947D0AEA-BBFE-4884-AEC7-3599C6AE6848}.Debug|x86.Build.0 = Debug|Any CPU
		{947D0AEA-BBFE-4884-AEC7-3599C6AE6848}.Release|Any CPU.ActiveCfg = Release|Any CPU
		{947D0AEA-BBFE-4884-AEC7-3599C6AE6848}.Release|Any CPU.Build.0 = Release|Any CPU
		{947D0AEA-BBFE-4884-AEC7-3599C6AE6848}.Release|x64.ActiveCfg = Release|Any CPU
		{947D0AEA-BBFE-4884-AEC7-3599C6AE6848}.Release|x64.Build.0 = Release|Any CPU
		{947D0AEA-BBFE-4884-AEC7-3599C6AE6848}.Release|x86.ActiveCfg = Release|Any CPU
		{947D0AEA-BBFE-4884-AEC7-3599C6AE6848}.Release|x86.Build.0 = Release|Any CPU
		{FB28E910-3C19-4EAD-B79D-F92C75F281D6}.Debug|Any CPU.ActiveCfg = Debug|Any CPU
		{FB28E910-3C19-4EAD-B79D-F92C75F281D6}.Debug|Any CPU.Build.0 = Debug|Any CPU
		{FB28E910-3C19-4EAD-B79D-F92C75F281D6}.Debug|x64.ActiveCfg = Debug|Any CPU
		{FB28E910-3C19-4EAD-B79D-F92C75F281D6}.Debug|x64.Build.0 = Debug|Any CPU
		{FB28E910-3C19-4EAD-B79D-F92C75F281D6}.Debug|x86.ActiveCfg = Debug|Any CPU
		{FB28E910-3C19-4EAD-B79D-F92C75F281D6}.Debug|x86.Build.0 = Debug|Any CPU
		{FB28E910-3C19-4EAD-B79D-F92C75F281D6}.Release|Any CPU.ActiveCfg = Release|Any CPU
		{FB28E910-3C19-4EAD-B79D-F92C75F281D6}.Release|Any CPU.Build.0 = Release|Any CPU
		{FB28E910-3C19-4EAD-B79D-F92C75F281D6}.Release|x64.ActiveCfg = Release|Any CPU
		{FB28E910-3C19-4EAD-B79D-F92C75F281D6}.Release|x64.Build.0 = Release|Any CPU
		{FB28E910-3C19-4EAD-B79D-F92C75F281D6}.Release|x86.ActiveCfg = Release|Any CPU
		{FB28E910-3C19-4EAD-B79D-F92C75F281D6}.Release|x86.Build.0 = Release|Any CPU
		{EFEECCAC-5B56-400A-AD11-13216B91D71E}.Debug|Any CPU.ActiveCfg = Debug|Any CPU
		{EFEECCAC-5B56-400A-AD11-13216B91D71E}.Debug|Any CPU.Build.0 = Debug|Any CPU
		{EFEECCAC-5B56-400A-AD11-13216B91D71E}.Debug|x64.ActiveCfg = Debug|Any CPU
		{EFEECCAC-5B56-400A-AD11-13216B91D71E}.Debug|x64.Build.0 = Debug|Any CPU
		{EFEECCAC-5B56-400A-AD11-13216B91D71E}.Debug|x86.ActiveCfg = Debug|Any CPU
		{EFEECCAC-5B56-400A-AD11-13216B91D71E}.Debug|x86.Build.0 = Debug|Any CPU
		{EFEECCAC-5B56-400A-AD11-13216B91D71E}.Release|Any CPU.ActiveCfg = Release|Any CPU
		{EFEECCAC-5B56-400A-AD11-13216B91D71E}.Release|Any CPU.Build.0 = Release|Any CPU
		{EFEECCAC-5B56-400A-AD11-13216B91D71E}.Release|x64.ActiveCfg = Release|Any CPU
		{EFEECCAC-5B56-400A-AD11-13216B91D71E}.Release|x64.Build.0 = Release|Any CPU
		{EFEECCAC-5B56-400A-AD11-13216B91D71E}.Release|x86.ActiveCfg = Release|Any CPU
		{EFEECCAC-5B56-400A-AD11-13216B91D71E}.Release|x86.Build.0 = Release|Any CPU
		{0AA6E18D-5D46-4DC2-A743-A8FE79F93D3A}.Debug|Any CPU.ActiveCfg = Debug|Any CPU
		{0AA6E18D-5D46-4DC2-A743-A8FE79F93D3A}.Debug|Any CPU.Build.0 = Debug|Any CPU
		{0AA6E18D-5D46-4DC2-A743-A8FE79F93D3A}.Debug|x64.ActiveCfg = Debug|Any CPU
		{0AA6E18D-5D46-4DC2-A743-A8FE79F93D3A}.Debug|x64.Build.0 = Debug|Any CPU
		{0AA6E18D-5D46-4DC2-A743-A8FE79F93D3A}.Debug|x86.ActiveCfg = Debug|Any CPU
		{0AA6E18D-5D46-4DC2-A743-A8FE79F93D3A}.Debug|x86.Build.0 = Debug|Any CPU
		{0AA6E18D-5D46-4DC2-A743-A8FE79F93D3A}.Release|Any CPU.ActiveCfg = Release|Any CPU
		{0AA6E18D-5D46-4DC2-A743-A8FE79F93D3A}.Release|Any CPU.Build.0 = Release|Any CPU
		{0AA6E18D-5D46-4DC2-A743-A8FE79F93D3A}.Release|x64.ActiveCfg = Release|Any CPU
		{0AA6E18D-5D46-4DC2-A743-A8FE79F93D3A}.Release|x64.Build.0 = Release|Any CPU
		{0AA6E18D-5D46-4DC2-A743-A8FE79F93D3A}.Release|x86.ActiveCfg = Release|Any CPU
		{0AA6E18D-5D46-4DC2-A743-A8FE79F93D3A}.Release|x86.Build.0 = Release|Any CPU
		{B4CCBAD0-A48F-42EE-B742-29FBCE0E2285}.Debug|Any CPU.ActiveCfg = Debug|Any CPU
		{B4CCBAD0-A48F-42EE-B742-29FBCE0E2285}.Debug|Any CPU.Build.0 = Debug|Any CPU
		{B4CCBAD0-A48F-42EE-B742-29FBCE0E2285}.Debug|x64.ActiveCfg = Debug|Any CPU
		{B4CCBAD0-A48F-42EE-B742-29FBCE0E2285}.Debug|x64.Build.0 = Debug|Any CPU
		{B4CCBAD0-A48F-42EE-B742-29FBCE0E2285}.Debug|x86.ActiveCfg = Debug|Any CPU
		{B4CCBAD0-A48F-42EE-B742-29FBCE0E2285}.Debug|x86.Build.0 = Debug|Any CPU
		{B4CCBAD0-A48F-42EE-B742-29FBCE0E2285}.Release|Any CPU.ActiveCfg = Release|Any CPU
		{B4CCBAD0-A48F-42EE-B742-29FBCE0E2285}.Release|Any CPU.Build.0 = Release|Any CPU
		{B4CCBAD0-A48F-42EE-B742-29FBCE0E2285}.Release|x64.ActiveCfg = Release|Any CPU
		{B4CCBAD0-A48F-42EE-B742-29FBCE0E2285}.Release|x64.Build.0 = Release|Any CPU
		{B4CCBAD0-A48F-42EE-B742-29FBCE0E2285}.Release|x86.ActiveCfg = Release|Any CPU
		{B4CCBAD0-A48F-42EE-B742-29FBCE0E2285}.Release|x86.Build.0 = Release|Any CPU
		{3EE67994-D706-482E-91FD-DD797893E982}.Debug|Any CPU.ActiveCfg = Debug|Any CPU
		{3EE67994-D706-482E-91FD-DD797893E982}.Debug|Any CPU.Build.0 = Debug|Any CPU
		{3EE67994-D706-482E-91FD-DD797893E982}.Debug|x64.ActiveCfg = Debug|Any CPU
		{3EE67994-D706-482E-91FD-DD797893E982}.Debug|x64.Build.0 = Debug|Any CPU
		{3EE67994-D706-482E-91FD-DD797893E982}.Debug|x86.ActiveCfg = Debug|Any CPU
		{3EE67994-D706-482E-91FD-DD797893E982}.Debug|x86.Build.0 = Debug|Any CPU
		{3EE67994-D706-482E-91FD-DD797893E982}.Release|Any CPU.ActiveCfg = Release|Any CPU
		{3EE67994-D706-482E-91FD-DD797893E982}.Release|Any CPU.Build.0 = Release|Any CPU
		{3EE67994-D706-482E-91FD-DD797893E982}.Release|x64.ActiveCfg = Release|Any CPU
		{3EE67994-D706-482E-91FD-DD797893E982}.Release|x64.Build.0 = Release|Any CPU
		{3EE67994-D706-482E-91FD-DD797893E982}.Release|x86.ActiveCfg = Release|Any CPU
		{3EE67994-D706-482E-91FD-DD797893E982}.Release|x86.Build.0 = Release|Any CPU
		{2E9E5BC2-C4FB-488B-A8AF-EC4B40F3E70F}.Debug|Any CPU.ActiveCfg = Debug|Any CPU
		{2E9E5BC2-C4FB-488B-A8AF-EC4B40F3E70F}.Debug|Any CPU.Build.0 = Debug|Any CPU
		{2E9E5BC2-C4FB-488B-A8AF-EC4B40F3E70F}.Debug|x64.ActiveCfg = Debug|Any CPU
		{2E9E5BC2-C4FB-488B-A8AF-EC4B40F3E70F}.Debug|x64.Build.0 = Debug|Any CPU
		{2E9E5BC2-C4FB-488B-A8AF-EC4B40F3E70F}.Debug|x86.ActiveCfg = Debug|Any CPU
		{2E9E5BC2-C4FB-488B-A8AF-EC4B40F3E70F}.Debug|x86.Build.0 = Debug|Any CPU
		{2E9E5BC2-C4FB-488B-A8AF-EC4B40F3E70F}.Release|Any CPU.ActiveCfg = Release|Any CPU
		{2E9E5BC2-C4FB-488B-A8AF-EC4B40F3E70F}.Release|Any CPU.Build.0 = Release|Any CPU
		{2E9E5BC2-C4FB-488B-A8AF-EC4B40F3E70F}.Release|x64.ActiveCfg = Release|Any CPU
		{2E9E5BC2-C4FB-488B-A8AF-EC4B40F3E70F}.Release|x64.Build.0 = Release|Any CPU
		{2E9E5BC2-C4FB-488B-A8AF-EC4B40F3E70F}.Release|x86.ActiveCfg = Release|Any CPU
		{2E9E5BC2-C4FB-488B-A8AF-EC4B40F3E70F}.Release|x86.Build.0 = Release|Any CPU
		{5181B342-42B3-469B-AFB7-B971E3290593}.Debug|Any CPU.ActiveCfg = Debug|Any CPU
		{5181B342-42B3-469B-AFB7-B971E3290593}.Debug|Any CPU.Build.0 = Debug|Any CPU
		{5181B342-42B3-469B-AFB7-B971E3290593}.Debug|x64.ActiveCfg = Debug|Any CPU
		{5181B342-42B3-469B-AFB7-B971E3290593}.Debug|x64.Build.0 = Debug|Any CPU
		{5181B342-42B3-469B-AFB7-B971E3290593}.Debug|x86.ActiveCfg = Debug|Any CPU
		{5181B342-42B3-469B-AFB7-B971E3290593}.Debug|x86.Build.0 = Debug|Any CPU
		{5181B342-42B3-469B-AFB7-B971E3290593}.Release|Any CPU.ActiveCfg = Release|Any CPU
		{5181B342-42B3-469B-AFB7-B971E3290593}.Release|Any CPU.Build.0 = Release|Any CPU
		{5181B342-42B3-469B-AFB7-B971E3290593}.Release|x64.ActiveCfg = Release|Any CPU
		{5181B342-42B3-469B-AFB7-B971E3290593}.Release|x64.Build.0 = Release|Any CPU
		{5181B342-42B3-469B-AFB7-B971E3290593}.Release|x86.ActiveCfg = Release|Any CPU
		{5181B342-42B3-469B-AFB7-B971E3290593}.Release|x86.Build.0 = Release|Any CPU
		{5848E4CD-52A8-4A65-9C34-97BC00F270FD}.Debug|Any CPU.ActiveCfg = Debug|Any CPU
		{5848E4CD-52A8-4A65-9C34-97BC00F270FD}.Debug|Any CPU.Build.0 = Debug|Any CPU
		{5848E4CD-52A8-4A65-9C34-97BC00F270FD}.Debug|x64.ActiveCfg = Debug|Any CPU
		{5848E4CD-52A8-4A65-9C34-97BC00F270FD}.Debug|x64.Build.0 = Debug|Any CPU
		{5848E4CD-52A8-4A65-9C34-97BC00F270FD}.Debug|x86.ActiveCfg = Debug|Any CPU
		{5848E4CD-52A8-4A65-9C34-97BC00F270FD}.Debug|x86.Build.0 = Debug|Any CPU
		{5848E4CD-52A8-4A65-9C34-97BC00F270FD}.Release|Any CPU.ActiveCfg = Release|Any CPU
		{5848E4CD-52A8-4A65-9C34-97BC00F270FD}.Release|Any CPU.Build.0 = Release|Any CPU
		{5848E4CD-52A8-4A65-9C34-97BC00F270FD}.Release|x64.ActiveCfg = Release|Any CPU
		{5848E4CD-52A8-4A65-9C34-97BC00F270FD}.Release|x64.Build.0 = Release|Any CPU
		{5848E4CD-52A8-4A65-9C34-97BC00F270FD}.Release|x86.ActiveCfg = Release|Any CPU
		{5848E4CD-52A8-4A65-9C34-97BC00F270FD}.Release|x86.Build.0 = Release|Any CPU
		{8C398CA6-F1FD-4B48-9DC1-D8E3319AEC5D}.Debug|Any CPU.ActiveCfg = Debug|Any CPU
		{8C398CA6-F1FD-4B48-9DC1-D8E3319AEC5D}.Debug|Any CPU.Build.0 = Debug|Any CPU
		{8C398CA6-F1FD-4B48-9DC1-D8E3319AEC5D}.Debug|x64.ActiveCfg = Debug|Any CPU
		{8C398CA6-F1FD-4B48-9DC1-D8E3319AEC5D}.Debug|x64.Build.0 = Debug|Any CPU
		{8C398CA6-F1FD-4B48-9DC1-D8E3319AEC5D}.Debug|x86.ActiveCfg = Debug|Any CPU
		{8C398CA6-F1FD-4B48-9DC1-D8E3319AEC5D}.Debug|x86.Build.0 = Debug|Any CPU
		{8C398CA6-F1FD-4B48-9DC1-D8E3319AEC5D}.Release|Any CPU.ActiveCfg = Release|Any CPU
		{8C398CA6-F1FD-4B48-9DC1-D8E3319AEC5D}.Release|Any CPU.Build.0 = Release|Any CPU
		{8C398CA6-F1FD-4B48-9DC1-D8E3319AEC5D}.Release|x64.ActiveCfg = Release|Any CPU
		{8C398CA6-F1FD-4B48-9DC1-D8E3319AEC5D}.Release|x64.Build.0 = Release|Any CPU
		{8C398CA6-F1FD-4B48-9DC1-D8E3319AEC5D}.Release|x86.ActiveCfg = Release|Any CPU
		{8C398CA6-F1FD-4B48-9DC1-D8E3319AEC5D}.Release|x86.Build.0 = Release|Any CPU
		{5390DA2C-CCDC-49AF-ABA9-945728B301B9}.Debug|Any CPU.ActiveCfg = Debug|Any CPU
		{5390DA2C-CCDC-49AF-ABA9-945728B301B9}.Debug|Any CPU.Build.0 = Debug|Any CPU
		{5390DA2C-CCDC-49AF-ABA9-945728B301B9}.Debug|x64.ActiveCfg = Debug|Any CPU
		{5390DA2C-CCDC-49AF-ABA9-945728B301B9}.Debug|x64.Build.0 = Debug|Any CPU
		{5390DA2C-CCDC-49AF-ABA9-945728B301B9}.Debug|x86.ActiveCfg = Debug|Any CPU
		{5390DA2C-CCDC-49AF-ABA9-945728B301B9}.Debug|x86.Build.0 = Debug|Any CPU
		{5390DA2C-CCDC-49AF-ABA9-945728B301B9}.Release|Any CPU.ActiveCfg = Release|Any CPU
		{5390DA2C-CCDC-49AF-ABA9-945728B301B9}.Release|Any CPU.Build.0 = Release|Any CPU
		{5390DA2C-CCDC-49AF-ABA9-945728B301B9}.Release|x64.ActiveCfg = Release|Any CPU
		{5390DA2C-CCDC-49AF-ABA9-945728B301B9}.Release|x64.Build.0 = Release|Any CPU
		{5390DA2C-CCDC-49AF-ABA9-945728B301B9}.Release|x86.ActiveCfg = Release|Any CPU
		{5390DA2C-CCDC-49AF-ABA9-945728B301B9}.Release|x86.Build.0 = Release|Any CPU
	EndGlobalSection
	GlobalSection(SolutionProperties) = preSolution
		HideSolutionNode = FALSE
	EndGlobalSection
	GlobalSection(NestedProjects) = preSolution
		{EC447DCF-ABFA-6E24-52A5-D7FD48A5C558} = {827E0CD3-B72D-47B6-A68D-7590B98EB39B}
		{A6E39B80-E404-C5E7-DFA7-D2B3DF797414} = {EC447DCF-ABFA-6E24-52A5-D7FD48A5C558}
		{9BAE7FC7-8897-03E5-4057-1E18E870ECEF} = {A6E39B80-E404-C5E7-DFA7-D2B3DF797414}
		{3329D293-5323-4782-91FC-2634CB7799E5} = {9BAE7FC7-8897-03E5-4057-1E18E870ECEF}
		{73FB5C0A-6C43-4482-981E-E903947D9997} = {9BAE7FC7-8897-03E5-4057-1E18E870ECEF}
		{7319B0EE-08FF-4402-A2D6-7439590205F1} = {9BAE7FC7-8897-03E5-4057-1E18E870ECEF}
		{D7DC9B74-6BC4-2470-2038-1E57C2DCB73B} = {0AB3BF05-4346-4AA6-1389-037BE0695223}
		{C5C14DC9-DDD8-9684-518B-35ECA67F86AC} = {D7DC9B74-6BC4-2470-2038-1E57C2DCB73B}
		{C6FC1BCB-BB98-4FEE-0783-4E17A9835E5B} = {C5C14DC9-DDD8-9684-518B-35ECA67F86AC}
		{1BBBF9D9-1E30-4D80-8224-3CC488112256} = {C6FC1BCB-BB98-4FEE-0783-4E17A9835E5B}
		{845B8759-55E9-F033-3D52-D9F142962594} = {EC447DCF-ABFA-6E24-52A5-D7FD48A5C558}
		{FE2885A1-2EC5-560E-2D4A-ADC5E1C4DCFA} = {845B8759-55E9-F033-3D52-D9F142962594}
		{339479A5-D912-4656-9EFA-3C63B6FF55C5} = {FE2885A1-2EC5-560E-2D4A-ADC5E1C4DCFA}
		{AFC24E4D-A8C8-E0F6-37B1-2CF00CEFF6A9} = {845B8759-55E9-F033-3D52-D9F142962594}
		{5565EB2C-22F8-4690-B9A8-4CD00D479D6A} = {AFC24E4D-A8C8-E0F6-37B1-2CF00CEFF6A9}
		{DDED622D-E1F4-8C41-5670-03FBAF7509E3} = {845B8759-55E9-F033-3D52-D9F142962594}
		{F71537B0-D8A5-4802-A86B-A982FC16D12F} = {DDED622D-E1F4-8C41-5670-03FBAF7509E3}
		{486050DE-C6A4-B1E8-2B12-E91E5BE99E3F} = {EC447DCF-ABFA-6E24-52A5-D7FD48A5C558}
		{0483F668-C073-C1F4-BE6E-FDEBE354F274} = {486050DE-C6A4-B1E8-2B12-E91E5BE99E3F}
		{E8EE17E7-E363-4333-91EC-1B7CC3F460B0} = {0483F668-C073-C1F4-BE6E-FDEBE354F274}
		{8DEC5963-CE2B-A7C9-BB65-BB3D8C6A7275} = {486050DE-C6A4-B1E8-2B12-E91E5BE99E3F}
		{AC3A9406-ADDA-479D-B70D-539368CFFAE5} = {8DEC5963-CE2B-A7C9-BB65-BB3D8C6A7275}
		{916D2499-3562-0327-EA3C-426E025D72E1} = {486050DE-C6A4-B1E8-2B12-E91E5BE99E3F}
		{A1D882A3-FDE6-4463-AAD1-BFE8C7B4E3E8} = {916D2499-3562-0327-EA3C-426E025D72E1}
		{B724D874-63BE-D1FA-FAE8-8AA3B09C9230} = {EC447DCF-ABFA-6E24-52A5-D7FD48A5C558}
		{F3AB9688-219E-F2FA-8C0D-35122067D707} = {B724D874-63BE-D1FA-FAE8-8AA3B09C9230}
		{947D0AEA-BBFE-4884-AEC7-3599C6AE6848} = {F3AB9688-219E-F2FA-8C0D-35122067D707}
		{8B3FD057-19D9-FC6D-A210-D3BCA5C7182D} = {B724D874-63BE-D1FA-FAE8-8AA3B09C9230}
		{FB28E910-3C19-4EAD-B79D-F92C75F281D6} = {8B3FD057-19D9-FC6D-A210-D3BCA5C7182D}
		{BDCD18E6-FA05-54A5-3202-37807690B956} = {B724D874-63BE-D1FA-FAE8-8AA3B09C9230}
		{EFEECCAC-5B56-400A-AD11-13216B91D71E} = {BDCD18E6-FA05-54A5-3202-37807690B956}
		{E5AB533E-94D6-5DC6-D574-DB58F629B249} = {0AB3BF05-4346-4AA6-1389-037BE0695223}
		{0AA6E18D-5D46-4DC2-A743-A8FE79F93D3A} = {E5AB533E-94D6-5DC6-D574-DB58F629B249}
		{63882A7C-90E5-DEE3-63BB-E6ABDBC8A365} = {827E0CD3-B72D-47B6-A68D-7590B98EB39B}
		{B4CCBAD0-A48F-42EE-B742-29FBCE0E2285} = {63882A7C-90E5-DEE3-63BB-E6ABDBC8A365}
		{5FC1494C-0D8C-79D1-FFF2-37E95F57AB9F} = {827E0CD3-B72D-47B6-A68D-7590B98EB39B}
		{3EE67994-D706-482E-91FD-DD797893E982} = {5FC1494C-0D8C-79D1-FFF2-37E95F57AB9F}
		{2E9E5BC2-C4FB-488B-A8AF-EC4B40F3E70F} = {827E0CD3-B72D-47B6-A68D-7590B98EB39B}
		{85F909CB-8F14-ECC8-BA9D-713D1771907F} = {827E0CD3-B72D-47B6-A68D-7590B98EB39B}
		{5181B342-42B3-469B-AFB7-B971E3290593} = {85F909CB-8F14-ECC8-BA9D-713D1771907F}
		{C5ECF40E-0280-8731-B569-310802F5D05C} = {B724D874-63BE-D1FA-FAE8-8AA3B09C9230}
		{8C398CA6-F1FD-4B48-9DC1-D8E3319AEC5D} = {C5ECF40E-0280-8731-B569-310802F5D05C}
		{2E53BA25-60CF-2528-0133-60398EF0BA09} = {845B8759-55E9-F033-3D52-D9F142962594}
		{5390DA2C-CCDC-49AF-ABA9-945728B301B9} = {2E53BA25-60CF-2528-0133-60398EF0BA09}
	EndGlobalSection
	GlobalSection(ExtensibilityGlobals) = postSolution
		SolutionGuid = {21F12844-8EED-4BAA-9F03-FB61FADD4ED1}
	EndGlobalSection
EndGlobal
