
Microsoft Visual Studio Solution File, Format Version 12.00
# Visual Studio Version 17
VisualStudioVersion = 17.0.31903.59
MinimumVisualStudioVersion = 10.0.40219.1
Project("{2150E333-8FDC-42A3-9474-1A3956D46DE8}") = "src", "src", "{827E0CD3-B72D-47B6-A68D-7590B98EB39B}"
EndProject
Project("{2150E333-8FDC-42A3-9474-1A3956D46DE8}") = "tests", "tests", "{0AB3BF05-4346-4AA6-1389-037BE0695223}"
EndProject
Project("{FAE04EC0-301F-11D3-BF4B-00C04F79EFBC}") = "LearningManagementSystem.Domain", "src\LearningManagementSystem.Domain\LearningManagementSystem.Domain.csproj", "{6F2F3CFA-4D52-4FD8-A025-85B6B64A53DF}"
EndProject
Project("{FAE04EC0-301F-11D3-BF4B-00C04F79EFBC}") = "LearningManagementSystem.Application", "src\LearningManagementSystem.Application\LearningManagementSystem.Application.csproj", "{28A36AD2-9710-42EB-AF0A-7B7C91B22551}"
EndProject
Project("{FAE04EC0-301F-11D3-BF4B-00C04F79EFBC}") = "LearningManagementSystem.Domain.Tests", "tests\LearningManagementSystem.Domain.Tests\LearningManagementSystem.Domain.Tests.csproj", "{1D09A994-608D-411B-B9A0-CB231FBF4422}"
EndProject
Global
	GlobalSection(SolutionConfigurationPlatforms) = preSolution
		Debug|Any CPU = Debug|Any CPU
		Debug|x64 = Debug|x64
		Debug|x86 = Debug|x86
		Release|Any CPU = Release|Any CPU
		Release|x64 = Release|x64
		Release|x86 = Release|x86
	EndGlobalSection
	GlobalSection(ProjectConfigurationPlatforms) = postSolution
		{6F2F3CFA-4D52-4FD8-A025-85B6B64A53DF}.Debug|Any CPU.ActiveCfg = Debug|Any CPU
		{6F2F3CFA-4D52-4FD8-A025-85B6B64A53DF}.Debug|Any CPU.Build.0 = Debug|Any CPU
		{6F2F3CFA-4D52-4FD8-A025-85B6B64A53DF}.Debug|x64.ActiveCfg = Debug|Any CPU
		{6F2F3CFA-4D52-4FD8-A025-85B6B64A53DF}.Debug|x64.Build.0 = Debug|Any CPU
		{6F2F3CFA-4D52-4FD8-A025-85B6B64A53DF}.Debug|x86.ActiveCfg = Debug|Any CPU
		{6F2F3CFA-4D52-4FD8-A025-85B6B64A53DF}.Debug|x86.Build.0 = Debug|Any CPU
		{6F2F3CFA-4D52-4FD8-A025-85B6B64A53DF}.Release|Any CPU.ActiveCfg = Release|Any CPU
		{6F2F3CFA-4D52-4FD8-A025-85B6B64A53DF}.Release|Any CPU.Build.0 = Release|Any CPU
		{6F2F3CFA-4D52-4FD8-A025-85B6B64A53DF}.Release|x64.ActiveCfg = Release|Any CPU
		{6F2F3CFA-4D52-4FD8-A025-85B6B64A53DF}.Release|x64.Build.0 = Release|Any CPU
		{6F2F3CFA-4D52-4FD8-A025-85B6B64A53DF}.Release|x86.ActiveCfg = Release|Any CPU
		{6F2F3CFA-4D52-4FD8-A025-85B6B64A53DF}.Release|x86.Build.0 = Release|Any CPU
		{28A36AD2-9710-42EB-AF0A-7B7C91B22551}.Debug|Any CPU.ActiveCfg = Debug|Any CPU
		{28A36AD2-9710-42EB-AF0A-7B7C91B22551}.Debug|Any CPU.Build.0 = Debug|Any CPU
		{28A36AD2-9710-42EB-AF0A-7B7C91B22551}.Debug|x64.ActiveCfg = Debug|Any CPU
		{28A36AD2-9710-42EB-AF0A-7B7C91B22551}.Debug|x64.Build.0 = Debug|Any CPU
		{28A36AD2-9710-42EB-AF0A-7B7C91B22551}.Debug|x86.ActiveCfg = Debug|Any CPU
		{28A36AD2-9710-42EB-AF0A-7B7C91B22551}.Debug|x86.Build.0 = Debug|Any CPU
		{28A36AD2-9710-42EB-AF0A-7B7C91B22551}.Release|Any CPU.ActiveCfg = Release|Any CPU
		{28A36AD2-9710-42EB-AF0A-7B7C91B22551}.Release|Any CPU.Build.0 = Release|Any CPU
		{28A36AD2-9710-42EB-AF0A-7B7C91B22551}.Release|x64.ActiveCfg = Release|Any CPU
		{28A36AD2-9710-42EB-AF0A-7B7C91B22551}.Release|x64.Build.0 = Release|Any CPU
		{28A36AD2-9710-42EB-AF0A-7B7C91B22551}.Release|x86.ActiveCfg = Release|Any CPU
		{28A36AD2-9710-42EB-AF0A-7B7C91B22551}.Release|x86.Build.0 = Release|Any CPU
		{1D09A994-608D-411B-B9A0-CB231FBF4422}.Debug|Any CPU.ActiveCfg = Debug|Any CPU
		{1D09A994-608D-411B-B9A0-CB231FBF4422}.Debug|Any CPU.Build.0 = Debug|Any CPU
		{1D09A994-608D-411B-B9A0-CB231FBF4422}.Debug|x64.ActiveCfg = Debug|Any CPU
		{1D09A994-608D-411B-B9A0-CB231FBF4422}.Debug|x64.Build.0 = Debug|Any CPU
		{1D09A994-608D-411B-B9A0-CB231FBF4422}.Debug|x86.ActiveCfg = Debug|Any CPU
		{1D09A994-608D-411B-B9A0-CB231FBF4422}.Debug|x86.Build.0 = Debug|Any CPU
		{1D09A994-608D-411B-B9A0-CB231FBF4422}.Release|Any CPU.ActiveCfg = Release|Any CPU
		{1D09A994-608D-411B-B9A0-CB231FBF4422}.Release|Any CPU.Build.0 = Release|Any CPU
		{1D09A994-608D-411B-B9A0-CB231FBF4422}.Release|x64.ActiveCfg = Release|Any CPU
		{1D09A994-608D-411B-B9A0-CB231FBF4422}.Release|x64.Build.0 = Release|Any CPU
		{1D09A994-608D-411B-B9A0-CB231FBF4422}.Release|x86.ActiveCfg = Release|Any CPU
		{1D09A994-608D-411B-B9A0-CB231FBF4422}.Release|x86.Build.0 = Release|Any CPU
	EndGlobalSection
	GlobalSection(SolutionProperties) = preSolution
		HideSolutionNode = FALSE
	EndGlobalSection
	GlobalSection(NestedProjects) = preSolution
		{6F2F3CFA-4D52-4FD8-A025-85B6B64A53DF} = {827E0CD3-B72D-47B6-A68D-7590B98EB39B}
		{28A36AD2-9710-42EB-AF0A-7B7C91B22551} = {827E0CD3-B72D-47B6-A68D-7590B98EB39B}
		{1D09A994-608D-411B-B9A0-CB231FBF4422} = {0AB3BF05-4346-4AA6-1389-037BE0695223}
	EndGlobalSection
EndGlobal
